// !$*UTF8*$!
{
	archiveVersion = 1;
	classes = {
	};
	objectVersion = 46;
	objects = {

/* Begin PBXBuildFile section */
		27F787A01E515F46006074E8 /* main.m in Sources */ = {isa = PBXBuildFile; fileRef = 27F7879F1E515F46006074E8 /* main.m */; };
		27F787A31E515F46006074E8 /* AppDelegate.m in Sources */ = {isa = PBXBuildFile; fileRef = 27F787A21E515F46006074E8 /* AppDelegate.m */; };
		27F787A61E515F46006074E8 /* ViewController.m in Sources */ = {isa = PBXBuildFile; fileRef = 27F787A51E515F46006074E8 /* ViewController.m */; };
		27F787A91E515F46006074E8 /* Main.storyboard in Resources */ = {isa = PBXBuildFile; fileRef = 27F787A71E515F46006074E8 /* Main.storyboard */; };
		27F787AB1E515F46006074E8 /* Assets.xcassets in Resources */ = {isa = PBXBuildFile; fileRef = 27F787AA1E515F46006074E8 /* Assets.xcassets */; };
		27F787AE1E515F46006074E8 /* LaunchScreen.storyboard in Resources */ = {isa = PBXBuildFile; fileRef = 27F787AC1E515F46006074E8 /* LaunchScreen.storyboard */; };
		27F787B81E515F85006074E8 /* NSString+Hashes.m in Sources */ = {isa = PBXBuildFile; fileRef = 27F787B71E515F85006074E8 /* NSString+Hashes.m */; settings = {COMPILER_FLAGS = "-Wno-shorten-64-to-32"; }; };
		27F787BC1E515FD2006074E8 /* Reachability.m in Sources */ = {isa = PBXBuildFile; fileRef = 27F787BB1E515FD2006074E8 /* Reachability.m */; };
		27F787BF1E516042006074E8 /* SystemConfiguration.framework in Frameworks */ = {isa = PBXBuildFile; fileRef = 27F787BE1E516042006074E8 /* SystemConfiguration.framework */; };
		27F787C21E516508006074E8 /* CacheRequestProtocol.m in Sources */ = {isa = PBXBuildFile; fileRef = 27F787C11E516508006074E8 /* CacheRequestProtocol.m */; };
		27F787C61E516819006074E8 /* NSURLRequest+MutableCopySubstitute.m in Sources */ = {isa = PBXBuildFile; fileRef = 27F787C51E516819006074E8 /* NSURLRequest+MutableCopySubstitute.m */; };
		27F787C91E517ECC006074E8 /* CacheModel.m in Sources */ = {isa = PBXBuildFile; fileRef = 27F787C81E517ECC006074E8 /* CacheModel.m */; };
/* End PBXBuildFile section */

/* Begin PBXFileReference section */
		27F7879B1E515F46006074E8 /* WebviewPersistenceCache.app */ = {isa = PBXFileReference; explicitFileType = wrapper.application; includeInIndex = 0; path = WebviewPersistenceCache.app; sourceTree = BUILT_PRODUCTS_DIR; };
		27F7879F1E515F46006074E8 /* main.m */ = {isa = PBXFileReference; lastKnownFileType = sourcecode.c.objc; path = main.m; sourceTree = "<group>"; };
		27F787A11E515F46006074E8 /* AppDelegate.h */ = {isa = PBXFileReference; lastKnownFileType = sourcecode.c.h; path = AppDelegate.h; sourceTree = "<group>"; };
		27F787A21E515F46006074E8 /* AppDelegate.m */ = {isa = PBXFileReference; lastKnownFileType = sourcecode.c.objc; path = AppDelegate.m; sourceTree = "<group>"; };
		27F787A41E515F46006074E8 /* ViewController.h */ = {isa = PBXFileReference; lastKnownFileType = sourcecode.c.h; path = ViewController.h; sourceTree = "<group>"; };
		27F787A51E515F46006074E8 /* ViewController.m */ = {isa = PBXFileReference; lastKnownFileType = sourcecode.c.objc; path = ViewController.m; sourceTree = "<group>"; };
		27F787A81E515F46006074E8 /* Base */ = {isa = PBXFileReference; lastKnownFileType = file.storyboard; name = Base; path = Base.lproj/Main.storyboard; sourceTree = "<group>"; };
		27F787AA1E515F46006074E8 /* Assets.xcassets */ = {isa = PBXFileReference; lastKnownFileType = folder.assetcatalog; path = Assets.xcassets; sourceTree = "<group>"; };
		27F787AD1E515F46006074E8 /* Base */ = {isa = PBXFileReference; lastKnownFileType = file.storyboard; name = Base; path = Base.lproj/LaunchScreen.storyboard; sourceTree = "<group>"; };
		27F787AF1E515F46006074E8 /* Info.plist */ = {isa = PBXFileReference; lastKnownFileType = text.plist.xml; path = Info.plist; sourceTree = "<group>"; };
		27F787B61E515F85006074E8 /* NSString+Hashes.h */ = {isa = PBXFileReference; fileEncoding = 4; lastKnownFileType = sourcecode.c.h; path = "NSString+Hashes.h"; sourceTree = "<group>"; };
		27F787B71E515F85006074E8 /* NSString+Hashes.m */ = {isa = PBXFileReference; fileEncoding = 4; lastKnownFileType = sourcecode.c.objc; path = "NSString+Hashes.m"; sourceTree = "<group>"; };
		27F787BA1E515FD2006074E8 /* Reachability.h */ = {isa = PBXFileReference; fileEncoding = 4; lastKnownFileType = sourcecode.c.h; path = Reachability.h; sourceTree = "<group>"; };
		27F787BB1E515FD2006074E8 /* Reachability.m */ = {isa = PBXFileReference; fileEncoding = 4; lastKnownFileType = sourcecode.c.objc; path = Reachability.m; sourceTree = "<group>"; };
		27F787BE1E516042006074E8 /* SystemConfiguration.framework */ = {isa = PBXFileReference; lastKnownFileType = wrapper.framework; name = SystemConfiguration.framework; path = System/Library/Frameworks/SystemConfiguration.framework; sourceTree = SDKROOT; };
		27F787C01E516508006074E8 /* CacheRequestProtocol.h */ = {isa = PBXFileReference; fileEncoding = 4; lastKnownFileType = sourcecode.c.h; path = CacheRequestProtocol.h; sourceTree = "<group>"; };
		27F787C11E516508006074E8 /* CacheRequestProtocol.m */ = {isa = PBXFileReference; fileEncoding = 4; lastKnownFileType = sourcecode.c.objc; path = CacheRequestProtocol.m; sourceTree = "<group>"; };
		27F787C41E516819006074E8 /* NSURLRequest+MutableCopySubstitute.h */ = {isa = PBXFileReference; fileEncoding = 4; lastKnownFileType = sourcecode.c.h; path = "NSURLRequest+MutableCopySubstitute.h"; sourceTree = "<group>"; };
		27F787C51E516819006074E8 /* NSURLRequest+MutableCopySubstitute.m */ = {isa = PBXFileReference; fileEncoding = 4; lastKnownFileType = sourcecode.c.objc; path = "NSURLRequest+MutableCopySubstitute.m"; sourceTree = "<group>"; };
		27F787C71E517ECC006074E8 /* CacheModel.h */ = {isa = PBXFileReference; fileEncoding = 4; lastKnownFileType = sourcecode.c.h; path = CacheModel.h; sourceTree = "<group>"; };
		27F787C81E517ECC006074E8 /* CacheModel.m */ = {isa = PBXFileReference; fileEncoding = 4; lastKnownFileType = sourcecode.c.objc; path = CacheModel.m; sourceTree = "<group>"; };
/* End PBXFileReference section */

/* Begin PBXFrameworksBuildPhase section */
		27F787981E515F46006074E8 /* Frameworks */ = {
			isa = PBXFrameworksBuildPhase;
			buildActionMask = 2147483647;
			files = (
				27F787BF1E516042006074E8 /* SystemConfiguration.framework in Frameworks */,
			);
			runOnlyForDeploymentPostprocessing = 0;
		};
/* End PBXFrameworksBuildPhase section */

/* Begin PBXGroup section */
		27F787921E515F46006074E8 = {
			isa = PBXGroup;
			children = (
				27F7879D1E515F46006074E8 /* WebviewPersistenceCache */,
				27F7879C1E515F46006074E8 /* Products */,
				27F787BD1E516042006074E8 /* Frameworks */,
			);
			sourceTree = "<group>";
		};
		27F7879C1E515F46006074E8 /* Products */ = {
			isa = PBXGroup;
			children = (
				27F7879B1E515F46006074E8 /* WebviewPersistenceCache.app */,
			);
			name = Products;
			sourceTree = "<group>";
		};
		27F7879D1E515F46006074E8 /* WebviewPersistenceCache */ = {
			isa = PBXGroup;
			children = (
				27F787C31E516510006074E8 /* CacheRequestProtocol */,
				27F787B91E515FD2006074E8 /* Reachability */,
				27F787B51E515F85006074E8 /* NsstringHash */,
				27F787A11E515F46006074E8 /* AppDelegate.h */,
				27F787A21E515F46006074E8 /* AppDelegate.m */,
				27F787A41E515F46006074E8 /* ViewController.h */,
				27F787A51E515F46006074E8 /* ViewController.m */,
				27F787A71E515F46006074E8 /* Main.storyboard */,
				27F787AA1E515F46006074E8 /* Assets.xcassets */,
				27F787AC1E515F46006074E8 /* LaunchScreen.storyboard */,
				27F787AF1E515F46006074E8 /* Info.plist */,
				27F7879E1E515F46006074E8 /* Supporting Files */,
				27F787C41E516819006074E8 /* NSURLRequest+MutableCopySubstitute.h */,
				27F787C51E516819006074E8 /* NSURLRequest+MutableCopySubstitute.m */,
				27F787C71E517ECC006074E8 /* CacheModel.h */,
				27F787C81E517ECC006074E8 /* CacheModel.m */,
			);
			path = WebviewPersistenceCache;
			sourceTree = "<group>";
		};
		27F7879E1E515F46006074E8 /* Supporting Files */ = {
			isa = PBXGroup;
			children = (
				27F7879F1E515F46006074E8 /* main.m */,
			);
			name = "Supporting Files";
			sourceTree = "<group>";
		};
		27F787B51E515F85006074E8 /* NsstringHash */ = {
			isa = PBXGroup;
			children = (
				27F787B61E515F85006074E8 /* NSString+Hashes.h */,
				27F787B71E515F85006074E8 /* NSString+Hashes.m */,
			);
			path = NsstringHash;
			sourceTree = "<group>";
		};
		27F787B91E515FD2006074E8 /* Reachability */ = {
			isa = PBXGroup;
			children = (
				27F787BA1E515FD2006074E8 /* Reachability.h */,
				27F787BB1E515FD2006074E8 /* Reachability.m */,
			);
			path = Reachability;
			sourceTree = "<group>";
		};
		27F787BD1E516042006074E8 /* Frameworks */ = {
			isa = PBXGroup;
			children = (
				27F787BE1E516042006074E8 /* SystemConfiguration.framework */,
			);
			name = Frameworks;
			sourceTree = "<group>";
		};
		27F787C31E516510006074E8 /* CacheRequestProtocol */ = {
			isa = PBXGroup;
			children = (
				27F787C01E516508006074E8 /* CacheRequestProtocol.h */,
				27F787C11E516508006074E8 /* CacheRequestProtocol.m */,
			);
			name = CacheRequestProtocol;
			sourceTree = "<group>";
		};
/* End PBXGroup section */

/* Begin PBXNativeTarget section */
		27F7879A1E515F46006074E8 /* WebviewPersistenceCache */ = {
			isa = PBXNativeTarget;
			buildConfigurationList = 27F787B21E515F46006074E8 /* Build configuration list for PBXNativeTarget "WebviewPersistenceCache" */;
			buildPhases = (
				27F787971E515F46006074E8 /* Sources */,
				27F787981E515F46006074E8 /* Frameworks */,
				27F787991E515F46006074E8 /* Resources */,
			);
			buildRules = (
			);
			dependencies = (
			);
			name = WebviewPersistenceCache;
			productName = WebviewPersistenceCache;
			productReference = 27F7879B1E515F46006074E8 /* WebviewPersistenceCache.app */;
			productType = "com.apple.product-type.application";
		};
/* End PBXNativeTarget section */

/* Begin PBXProject section */
		27F787931E515F46006074E8 /* Project object */ = {
			isa = PBXProject;
			attributes = {
				LastUpgradeCheck = 0800;
				ORGANIZATIONNAME = p;
				TargetAttributes = {
					27F7879A1E515F46006074E8 = {
						CreatedOnToolsVersion = 8.0;
						DevelopmentTeam = QG4BM6EL95;
						ProvisioningStyle = Automatic;
					};
				};
			};
			buildConfigurationList = 27F787961E515F46006074E8 /* Build configuration list for PBXProject "WebviewPersistenceCache" */;
			compatibilityVersion = "Xcode 3.2";
			developmentRegion = English;
			hasScannedForEncodings = 0;
			knownRegions = (
				en,
				Base,
			);
			mainGroup = 27F787921E515F46006074E8;
			productRefGroup = 27F7879C1E515F46006074E8 /* Products */;
			projectDirPath = "";
			projectRoot = "";
			targets = (
				27F7879A1E515F46006074E8 /* WebviewPersistenceCache */,
			);
		};
/* End PBXProject section */

/* Begin PBXResourcesBuildPhase section */
		27F787991E515F46006074E8 /* Resources */ = {
			isa = PBXResourcesBuildPhase;
			buildActionMask = 2147483647;
			files = (
				27F787AE1E515F46006074E8 /* LaunchScreen.storyboard in Resources */,
				27F787AB1E515F46006074E8 /* Assets.xcassets in Resources */,
				27F787A91E515F46006074E8 /* Main.storyboard in Resources */,
			);
			runOnlyForDeploymentPostprocessing = 0;
		};
/* End PBXResourcesBuildPhase section */

/* Begin PBXSourcesBuildPhase section */
		27F787971E515F46006074E8 /* Sources */ = {
			isa = PBXSourcesBuildPhase;
			buildActionMask = 2147483647;
			files = (
				27F787C21E516508006074E8 /* CacheRequestProtocol.m in Sources */,
				27F787C61E516819006074E8 /* NSURLRequest+MutableCopySubstitute.m in Sources */,
				27F787A61E515F46006074E8 /* ViewController.m in Sources */,
				27F787A31E515F46006074E8 /* AppDelegate.m in Sources */,
				27F787C91E517ECC006074E8 /* CacheModel.m in Sources */,
				27F787A01E515F46006074E8 /* main.m in Sources */,
				27F787B81E515F85006074E8 /* NSString+Hashes.m in Sources */,
				27F787BC1E515FD2006074E8 /* Reachability.m in Sources */,
			);
			runOnlyForDeploymentPostprocessing = 0;
		};
/* End PBXSourcesBuildPhase section */

/* Begin PBXVariantGroup section */
		27F787A71E515F46006074E8 /* Main.storyboard */ = {
			isa = PBXVariantGroup;
			children = (
				27F787A81E515F46006074E8 /* Base */,
			);
			name = Main.storyboard;
			sourceTree = "<group>";
		};
		27F787AC1E515F46006074E8 /* LaunchScreen.storyboard */ = {
			isa = PBXVariantGroup;
			children = (
				27F787AD1E515F46006074E8 /* Base */,
			);
			name = LaunchScreen.storyboard;
			sourceTree = "<group>";
		};
/* End PBXVariantGroup section */

/* Begin XCBuildConfiguration section */
		27F787B01E515F46006074E8 /* Debug */ = {
			isa = XCBuildConfiguration;
			buildSettings = {
				ALWAYS_SEARCH_USER_PATHS = NO;
				CLANG_ANALYZER_NONNULL = YES;
				CLANG_CXX_LANGUAGE_STANDARD = "gnu++0x";
				CLANG_CXX_LIBRARY = "libc++";
				CLANG_ENABLE_MODULES = YES;
				CLANG_ENABLE_OBJC_ARC = YES;
				CLANG_WARN_BOOL_CONVERSION = YES;
				CLANG_WARN_CONSTANT_CONVERSION = YES;
				CLANG_WARN_DIRECT_OBJC_ISA_USAGE = YES_ERROR;
				CLANG_WARN_DOCUMENTATION_COMMENTS = YES;
				CLANG_WARN_EMPTY_BODY = YES;
				CLANG_WARN_ENUM_CONVERSION = YES;
				CLANG_WARN_INFINITE_RECURSION = YES;
				CLANG_WARN_INT_CONVERSION = YES;
				CLANG_WARN_OBJC_ROOT_CLASS = YES_ERROR;
				CLANG_WARN_SUSPICIOUS_MOVES = YES;
				CLANG_WARN_UNREACHABLE_CODE = YES;
				CLANG_WARN__DUPLICATE_METHOD_MATCH = YES;
				"CODE_SIGN_IDENTITY[sdk=iphoneos*]" = "iPhone Developer";
				COPY_PHASE_STRIP = NO;
				DEBUG_INFORMATION_FORMAT = dwarf;
				ENABLE_STRICT_OBJC_MSGSEND = YES;
				ENABLE_TESTABILITY = YES;
				GCC_C_LANGUAGE_STANDARD = gnu99;
				GCC_DYNAMIC_NO_PIC = NO;
				GCC_NO_COMMON_BLOCKS = YES;
				GCC_OPTIMIZATION_LEVEL = 0;
				GCC_PREPROCESSOR_DEFINITIONS = (
					"DEBUG=1",
					"$(inherited)",
				);
				GCC_WARN_64_TO_32_BIT_CONVERSION = YES;
				GCC_WARN_ABOUT_RETURN_TYPE = YES_ERROR;
				GCC_WARN_UNDECLARED_SELECTOR = YES;
				GCC_WARN_UNINITIALIZED_AUTOS = YES_AGGRESSIVE;
				GCC_WARN_UNUSED_FUNCTION = YES;
				GCC_WARN_UNUSED_VARIABLE = YES;
				IPHONEOS_DEPLOYMENT_TARGET = 10.0;
				MTL_ENABLE_DEBUG_INFO = YES;
				ONLY_ACTIVE_ARCH = YES;
				SDKROOT = iphoneos;
				TARGETED_DEVICE_FAMILY = "1,2";
			};
			name = Debug;
		};
		27F787B11E515F46006074E8 /* Release */ = {
			isa = XCBuildConfiguration;
			buildSettings = {
				ALWAYS_SEARCH_USER_PATHS = NO;
				CLANG_ANALYZER_NONNULL = YES;
				CLANG_CXX_LANGUAGE_STANDARD = "gnu++0x";
				CLANG_CXX_LIBRARY = "libc++";
				CLANG_ENABLE_MODULES = YES;
				CLANG_ENABLE_OBJC_ARC = YES;
				CLANG_WARN_BOOL_CONVERSION = YES;
				CLANG_WARN_CONSTANT_CONVERSION = YES;
				CLANG_WARN_DIRECT_OBJC_ISA_USAGE = YES_ERROR;
				CLANG_WARN_DOCUMENTATION_COMMENTS = YES;
				CLANG_WARN_EMPTY_BODY = YES;
				CLANG_WARN_ENUM_CONVERSION = YES;
				CLANG_WARN_INFINITE_RECURSION = YES;
				CLANG_WARN_INT_CONVERSION = YES;
				CLANG_WARN_OBJC_ROOT_CLASS = YES_ERROR;
				CLANG_WARN_SUSPICIOUS_MOVES = YES;
				CLANG_WARN_UNREACHABLE_CODE = YES;
				CLANG_WARN__DUPLICATE_METHOD_MATCH = YES;
				"CODE_SIGN_IDENTITY[sdk=iphoneos*]" = "iPhone Developer";
				COPY_PHASE_STRIP = NO;
				DEBUG_INFORMATION_FORMAT = "dwarf-with-dsym";
				ENABLE_NS_ASSERTIONS = NO;
				ENABLE_STRICT_OBJC_MSGSEND = YES;
				GCC_C_LANGUAGE_STANDARD = gnu99;
				GCC_NO_COMMON_BLOCKS = YES;
				GCC_WARN_64_TO_32_BIT_CONVERSION = YES;
				GCC_WARN_ABOUT_RETURN_TYPE = YES_ERROR;
				GCC_WARN_UNDECLARED_SELECTOR = YES;
				GCC_WARN_UNINITIALIZED_AUTOS = YES_AGGRESSIVE;
				GCC_WARN_UNUSED_FUNCTION = YES;
				GCC_WARN_UNUSED_VARIABLE = YES;
				IPHONEOS_DEPLOYMENT_TARGET = 10.0;
				MTL_ENABLE_DEBUG_INFO = NO;
				SDKROOT = iphoneos;
				TARGETED_DEVICE_FAMILY = "1,2";
				VALIDATE_PRODUCT = YES;
			};
			name = Release;
		};
		27F787B31E515F46006074E8 /* Debug */ = {
			isa = XCBuildConfiguration;
			buildSettings = {
				ASSETCATALOG_COMPILER_APPICON_NAME = AppIcon;
				DEVELOPMENT_TEAM = QG4BM6EL95;
				INFOPLIST_FILE = WebviewPersistenceCache/Info.plist;
				LD_RUNPATH_SEARCH_PATHS = "$(inherited) @executable_path/Frameworks";
				PRODUCT_BUNDLE_IDENTIFIER = wpstarnice.WebviewPersistenceCache;
				PRODUCT_NAME = "$(TARGET_NAME)";
			};
			name = Debug;
		};
		27F787B41E515F46006074E8 /* Release */ = {
			isa = XCBuildConfiguration;
			buildSettings = {
				ASSETCATALOG_COMPILER_APPICON_NAME = AppIcon;
				DEVELOPMENT_TEAM = QG4BM6EL95;
				INFOPLIST_FILE = WebviewPersistenceCache/Info.plist;
				LD_RUNPATH_SEARCH_PATHS = "$(inherited) @executable_path/Frameworks";
				PRODUCT_BUNDLE_IDENTIFIER = wpstarnice.WebviewPersistenceCache;
				PRODUCT_NAME = "$(TARGET_NAME)";
			};
			name = Release;
		};
/* End XCBuildConfiguration section */

/* Begin XCConfigurationList section */
		27F787961E515F46006074E8 /* Build configuration list for PBXProject "WebviewPersistenceCache" */ = {
			isa = XCConfigurationList;
			buildConfigurations = (
				27F787B01E515F46006074E8 /* Debug */,
				27F787B11E515F46006074E8 /* Release */,
			);
			defaultConfigurationIsVisible = 0;
			defaultConfigurationName = Release;
		};
		27F787B21E515F46006074E8 /* Build configuration list for PBXNativeTarget "WebviewPersistenceCache" */ = {
			isa = XCConfigurationList;
			buildConfigurations = (
				27F787B31E515F46006074E8 /* Debug */,
				27F787B41E515F46006074E8 /* Release */,
			);
			defaultConfigurationIsVisible = 0;
		};
/* End XCConfigurationList section */
	};
	rootObject = 27F787931E515F46006074E8 /* Project object */;
}
